
Microsoft Visual Studio Solution File, Format Version 12.00
# Visual Studio 15
VisualStudioVersion = 15.0.27703.2035
MinimumVisualStudioVersion = 10.0.40219.1
Project("{FAE04EC0-301F-11D3-BF4B-00C04F79EFBC}") = "AsyncTestForm", "AsyncTestForm\AsyncTestForm.csproj", "{CBF271C5-A47F-43C4-82C6-0FEC2EFF147C}"
EndProject
Global
	GlobalSection(SolutionConfigurationPlatforms) = preSolution
		Debug|Any CPU = Debug|Any CPU
		Release|Any CPU = Release|Any CPU
	EndGlobalSection
	GlobalSection(ProjectConfigurationPlatforms) = postSolution
		{CBF271C5-A47F-43C4-82C6-0FEC2EFF147C}.Debug|Any CPU.ActiveCfg = Debug|Any CPU
		{CBF271C5-A47F-43C4-82C6-0FEC2EFF147C}.Debug|Any CPU.Build.0 = Debug|Any CPU
		{CBF271C5-A47F-43C4-82C6-0FEC2EFF147C}.Release|Any CPU.ActiveCfg = Release|Any CPU
		{CBF271C5-A47F-43C4-82C6-0FEC2EFF147C}.Release|Any CPU.Build.0 = Release|Any CPU
	EndGlobalSection
	GlobalSection(SolutionProperties) = preSolution
		HideSolutionNode = FALSE
	EndGlobalSection
	GlobalSection(ExtensibilityGlobals) = postSolution
		SolutionGuid = {97341320-DCFD-468C-8A92-A1F722FDCB4A}
	EndGlobalSection
EndGlobal
